
Microsoft Visual Studio Solution File, Format Version 12.00
# Visual Studio Version 17
VisualStudioVersion = 17.8.34525.116
MinimumVisualStudioVersion = 10.0.40219.1
Project("{9A19103F-16F7-4668-BE54-9A1E7A4F7556}") = "MircoToolWebApi", "MircoToolWebApi\MircoToolWebApi.csproj", "{03F335DF-EE76-4304-8A50-8B5029503E60}"
EndProject
Project("{2150E333-8FDC-42A3-9474-1A3956D46DE8}") = "Data", "Data", "{6BFFF9DF-E094-4613-AA09-53DE5FEF7F48}"
EndProject
Project("{FAE04EC0-301F-11D3-BF4B-00C04F79EFBC}") = "Mirco.MircosTool.Data.Infrastructure", "Mirco.MircosTool.Data.Infrastructure\Mirco.MircosTool.Data.Infrastructure.csproj", "{7FC4BD43-8D5C-4653-94D3-8CEDB3A7D5CA}"
EndProject
Project("{2150E333-8FDC-42A3-9474-1A3956D46DE8}") = "Models", "Models", "{F17CC391-CE63-426C-84A7-61F91079548B}"
EndProject
Project("{FAE04EC0-301F-11D3-BF4B-00C04F79EFBC}") = "Mirco.MircosTool.Models", "Mirco.MircosTool.Models\Mirco.MircosTool.Models.csproj", "{E28B3657-774F-4592-AB46-0559C1D203FF}"
EndProject
Global
	GlobalSection(SolutionConfigurationPlatforms) = preSolution
		Debug|Any CPU = Debug|Any CPU
		Release|Any CPU = Release|Any CPU
	EndGlobalSection
	GlobalSection(ProjectConfigurationPlatforms) = postSolution
		{03F335DF-EE76-4304-8A50-8B5029503E60}.Debug|Any CPU.ActiveCfg = Debug|Any CPU
		{03F335DF-EE76-4304-8A50-8B5029503E60}.Debug|Any CPU.Build.0 = Debug|Any CPU
		{03F335DF-EE76-4304-8A50-8B5029503E60}.Release|Any CPU.ActiveCfg = Release|Any CPU
		{03F335DF-EE76-4304-8A50-8B5029503E60}.Release|Any CPU.Build.0 = Release|Any CPU
		{7FC4BD43-8D5C-4653-94D3-8CEDB3A7D5CA}.Debug|Any CPU.ActiveCfg = Debug|Any CPU
		{7FC4BD43-8D5C-4653-94D3-8CEDB3A7D5CA}.Debug|Any CPU.Build.0 = Debug|Any CPU
		{7FC4BD43-8D5C-4653-94D3-8CEDB3A7D5CA}.Release|Any CPU.ActiveCfg = Release|Any CPU
		{7FC4BD43-8D5C-4653-94D3-8CEDB3A7D5CA}.Release|Any CPU.Build.0 = Release|Any CPU
		{E28B3657-774F-4592-AB46-0559C1D203FF}.Debug|Any CPU.ActiveCfg = Debug|Any CPU
		{E28B3657-774F-4592-AB46-0559C1D203FF}.Debug|Any CPU.Build.0 = Debug|Any CPU
		{E28B3657-774F-4592-AB46-0559C1D203FF}.Release|Any CPU.ActiveCfg = Release|Any CPU
		{E28B3657-774F-4592-AB46-0559C1D203FF}.Release|Any CPU.Build.0 = Release|Any CPU
	EndGlobalSection
	GlobalSection(SolutionProperties) = preSolution
		HideSolutionNode = FALSE
	EndGlobalSection
	GlobalSection(NestedProjects) = preSolution
		{7FC4BD43-8D5C-4653-94D3-8CEDB3A7D5CA} = {6BFFF9DF-E094-4613-AA09-53DE5FEF7F48}
		{E28B3657-774F-4592-AB46-0559C1D203FF} = {F17CC391-CE63-426C-84A7-61F91079548B}
	EndGlobalSection
	GlobalSection(ExtensibilityGlobals) = postSolution
		SolutionGuid = {9F39A19C-7D11-4CEA-BB9D-85366B38BFA7}
	EndGlobalSection
EndGlobal
